# This file was autogenerated by Stack.
# You should not edit this file by hand.
# For more information, please see the documentation at:
#   https://docs.haskellstack.org/en/stable/lock_files

packages:
- completed:
    hackage: transformers-0.5.6.2@sha256:6c959d14430f4deffb99579ba019de07c3d852a2122b6f449344386c7d75ff1d,3172
    pantry-tree:
      size: 2512
      sha256: c79246ba7d61392c2f214376fed3c2a05e4b2649b93ec2c849a86493f278ace0
  original:
    hackage: transformers-0.5.6.2
- completed:
    hackage: mtl-2.2.2@sha256:1050fb71acd9f5d67da7d992583f5bd0eb14407b9dc7acc122af1b738b706ca3,2261
    pantry-tree:
      size: 1713
      sha256: b8bdc2259e2f943a7252fb164805666fe108ac959d398e0af27b43ba2ebc241c
  original:
    hackage: mtl-2.2.2
- completed:
    hackage: containers-0.6.2.1@sha256:bbc3d2d5eef59a5d26383fb4b727c968390f2b6e9bd413d29aa875175bb16f8b,2460
    pantry-tree:
      size: 2823
      sha256: 5bb0af2da4e4cc5472a17063ecdbda8f1117e5f3509fcd600f2cbd7e2b760f49
  original:
    hackage: containers-0.6.2.1
- completed:
    hackage: unordered-containers-0.2.10.0@sha256:5e9b095a9283d9e2f064fec73a81a6b6ea0b7fda3f219a8175785d2d2a3de204,5199
    pantry-tree:
      size: 1415
      sha256: dfc2d75f4e59c03e2c68be6909b577f26991367134eaac06a407e940e66856ae
  original:
    hackage: unordered-containers-0.2.10.0
- completed:
    hackage: random-1.1@sha256:7b67624fd76ddf97c206de0801dc7e888097e9d572974be9b9ea6551d76965df,1777
    pantry-tree:
      size: 637
      sha256: 14a1b01728c5584e87c9fa00746a66e28ffd89dd2c0eabd334c8463953496e1b
  original:
    hackage: random-1.1
- completed:
    hackage: parser-combinators-1.2.1@sha256:16c3490e007ec10b1255a2b36fb483d000156d555269107131241d9e0fa96412,1788
    pantry-tree:
      size: 725
      sha256: 7b7cc6bb088f536691c4088ac6abe9f4dd0399feffc26bdb2cbec695f7259737
  original:
    hackage: parser-combinators-1.2.1
- completed:
    hackage: aeson-1.4.7.1@sha256:6d8d2fd959b7122a1df9389cf4eca30420a053d67289f92cdc0dbc0dab3530ba,7098
    pantry-tree:
      size: 40133
      sha256: caa9306e519c601ab0170d113daa03c1163db53e5466be2968bbd61a771bebcb
  original:
    hackage: aeson-1.4.7.1
- completed:
    hackage: discord-haskell-1.8.0@sha256:420515069c5be313dd31d16e9a4b163d2b3fdda18ba18e98cbb0b0536cbae136,3562
    pantry-tree:
      size: 2108
      sha256: 2d32f71b9d3e32f797ad6d614d748b491350ff0febb7e7bfc6f7fb595d752a0d
  original:
    hackage: discord-haskell-1.8.0
- completed:
    hackage: emoji-0.1.0.2@sha256:d995572a5c7dcd28f98eb15c6e387a7b3bda1ac2477ab0d9dba8580d5d7b161f,1273
    pantry-tree:
      size: 437
      sha256: dd9ea90a631342e5db0fc21331ade4d563a685e9125d5a3989eefa8e1b96c6c6
  original:
    hackage: emoji-0.1.0.2
- completed:
    hackage: req-3.6.0@sha256:460f8422cb5f37630a56f3c693c3982ff8aa39c378ae7fc9e928bfc52609570b,3714
    pantry-tree:
      size: 712
      sha256: f34c0f906445ef356abb59978d787b9b587b44ad0ad2f2bc348fce0426a8a1e1
  original:
    hackage: req-3.6.0
- completed:
    hackage: html-entities-1.1.4.3@sha256:633b0bef1bb7dde756226d6856437045422f431670f7fda772553bb96a610d81,1829
    pantry-tree:
      size: 585
      sha256: 0f39d590008c6ad0b0edb7db4cfc82cb9d05255245842df409030ab20558f02a
  original:
    hackage: html-entities-1.1.4.3
- completed:
    hackage: http-client-0.6.4.1@sha256:ea569e3ebc00e7bb68162fbdf85aa63e653b974eaff63df7b972e4296687e25c,5322
    pantry-tree:
      size: 2458
      sha256: 8e6ebf17ad06cca8bdab0c2ceda13ed41dea0d793f1930f90f0542f9c66afff1
  original:
    hackage: http-client-0.6.4.1
- completed:
    hackage: http-client-tls-0.3.5.3@sha256:c97c3d88e6318a3056e42e2cd0913d5c4bff381f83341bb6ff06865fd12c8b52,2066
    pantry-tree:
      size: 435
      sha256: b19e23dc469491661e9d1a40a9ba65ce745d4fd0143d4f9f7be824c8a5e2cee8
  original:
    hackage: http-client-tls-0.3.5.3
- completed:
    hackage: compact-0.2.0.0@sha256:9c5785bdc178ea6cf8f514ad35a78c64220e3cdb22216534e4cf496765551c7e,2345
    pantry-tree:
      size: 546
      sha256: 6f7da573fbcddc109e1521edc07f1b34d7506473a3930074453e829daf901d71
  original:
    hackage: compact-0.2.0.0
- completed:
    hackage: vector-0.12.1.2@sha256:9291bc581f36e51d5bda9fce57cb980fbec3dd292996896f285fef39eb80a9a0,7364
    pantry-tree:
      size: 3784
      sha256: f79eefc8ba2b57ded2276f48046e64663d37b210b6047b6b6ecb30c9da196216
  original:
    hackage: vector-0.12.1.2
- completed:
    hackage: unliftio-0.2.13@sha256:14409c70eba13edfcca7564f7bccca298e49d6e21679a8894ac757f2f6008696,3325
    pantry-tree:
      size: 2229
      sha256: 3121d447d33ca873adc604de4daff705f57592717acff671b55003b617ffe247
  original:
    hackage: unliftio-0.2.13
- completed:
    name: google-translate
    version: '0.5'
    git: https://github.com/dmjio/google-translate.git
    pantry-tree:
      size: 640
      sha256: e5cf8b01ac35dc9b2f3e7b75cdb48cb90df251d338cc0a1e14c8273292807b79
    commit: 009babb1aa4a3b569bfda7393d3a8122ca879adf
  original:
    git: https://github.com/dmjio/google-translate.git
    commit: 009babb1aa4a3b569bfda7393d3a8122ca879adf
snapshots:
- completed:
    size: 532177
    url: https://raw.githubusercontent.com/commercialhaskell/stackage-snapshots/master/lts/16/20.yaml
    sha256: 0e14ba5603f01e8496e8984fd84b545a012ca723f51a098c6c9d3694e404dc6d
  original: lts-16.20
