# This file was autogenerated by Stack.
# You should not edit this file by hand.
# For more information, please see the documentation at:
#   https://docs.haskellstack.org/en/stable/lock_files

packages:
- completed:
    hackage: emoji-0.1.0.2@sha256:d995572a5c7dcd28f98eb15c6e387a7b3bda1ac2477ab0d9dba8580d5d7b161f,1273
    pantry-tree:
      size: 437
      sha256: dd9ea90a631342e5db0fc21331ade4d563a685e9125d5a3989eefa8e1b96c6c6
  original:
    hackage: emoji-0.1.0.2
- completed:
    hackage: discord-haskell-1.8.0@sha256:420515069c5be313dd31d16e9a4b163d2b3fdda18ba18e98cbb0b0536cbae136,3562
    pantry-tree:
      size: 2108
      sha256: 2d32f71b9d3e32f797ad6d614d748b491350ff0febb7e7bfc6f7fb595d752a0d
  original:
    hackage: discord-haskell-1.8.0
- completed:
    hackage: unliftio-0.2.13@sha256:14409c70eba13edfcca7564f7bccca298e49d6e21679a8894ac757f2f6008696,3325
    pantry-tree:
      size: 2229
      sha256: 3121d447d33ca873adc604de4daff705f57592717acff671b55003b617ffe247
  original:
    hackage: unliftio-0.2.13
- completed:
    hackage: req-3.6.0@sha256:460f8422cb5f37630a56f3c693c3982ff8aa39c378ae7fc9e928bfc52609570b,3714
    pantry-tree:
      size: 712
      sha256: f34c0f906445ef356abb59978d787b9b587b44ad0ad2f2bc348fce0426a8a1e1
  original:
    hackage: req-3.6.0
- completed:
    hackage: polysemy-1.3.0.0@sha256:fa76e96a883fd1c4bdbad792a0a9d88f59f84817651aea5c71d9b4f74e42c5b6,6141
    pantry-tree:
      size: 4309
      sha256: 3d2fb15ddda9053f6bfd4b0810a79a9542505acb5e7e528856ec3cd86d6df066
  original:
    hackage: polysemy-1.3.0.0
- completed:
    hackage: polysemy-zoo-0.7.0.1@sha256:60c2921df95f61d43222a75adde4f330e9510320b416132838a354cd81b4bcc5,3846
    pantry-tree:
      size: 2979
      sha256: af39e295a7831e6bca01fa78df6c538cb6f1dfb339d118056fd0d9c314925726
  original:
    hackage: polysemy-zoo-0.7.0.1
- completed:
    hackage: polysemy-plugin-0.2.5.1@sha256:61c6c0aad2852377aa5d5a8f9639a437905e3a6f0e2a99a41e96fb231dc86836,2952
    pantry-tree:
      size: 1232
      sha256: 9720d9a1675c7ac3e2635b8c9f002f7ab0764eb60738a3405603cb33bdffc493
  original:
    hackage: polysemy-plugin-0.2.5.1
- completed:
    hackage: compact-0.2.0.0@sha256:9c5785bdc178ea6cf8f514ad35a78c64220e3cdb22216534e4cf496765551c7e,2345
    pantry-tree:
      size: 546
      sha256: 6f7da573fbcddc109e1521edc07f1b34d7506473a3930074453e829daf901d71
  original:
    hackage: compact-0.2.0.0
- completed:
    name: google-translate
    version: '0.5'
    git: https://github.com/dmjio/google-translate.git
    pantry-tree:
      size: 640
      sha256: e5cf8b01ac35dc9b2f3e7b75cdb48cb90df251d338cc0a1e14c8273292807b79
    commit: 009babb1aa4a3b569bfda7393d3a8122ca879adf
  original:
    git: https://github.com/dmjio/google-translate.git
    commit: 009babb1aa4a3b569bfda7393d3a8122ca879adf
snapshots:
- completed:
    size: 532380
    url: https://raw.githubusercontent.com/commercialhaskell/stackage-snapshots/master/lts/16/15.yaml
    sha256: 3b5f2a699aa5ed3abbc30410062bf743926f0868ce3eeb5655370c6c6cc1a9f4
  original: lts-16.15
